
Microsoft Visual Studio Solution File, Format Version 11.00
# Visual Studio 2010
Project("{FAE04EC0-301F-11D3-BF4B-00C04F79EFBC}") = "Kethane", "Kethane.csproj", "{8D1501AC-6C11-459B-9561-6CC5E3EC15FE}"
EndProject
Project("{FAE04EC0-301F-11D3-BF4B-00C04F79EFBC}") = "KethaneToolbar", "..\KethaneToolbar\KethaneToolbar.csproj", "{0A4BDEC5-89C4-4470-A40E-177D2FEF8300}"
EndProject
Global
	GlobalSection(SolutionConfigurationPlatforms) = preSolution
		Debug|Any CPU = Debug|Any CPU
		Release|Any CPU = Release|Any CPU
	EndGlobalSection
	GlobalSection(ProjectConfigurationPlatforms) = postSolution
		{8D1501AC-6C11-459B-9561-6CC5E3EC15FE}.Debug|Any CPU.ActiveCfg = Debug|Any CPU
		{8D1501AC-6C11-459B-9561-6CC5E3EC15FE}.Debug|Any CPU.Build.0 = Debug|Any CPU
		{8D1501AC-6C11-459B-9561-6CC5E3EC15FE}.Release|Any CPU.ActiveCfg = Release|Any CPU
		{8D1501AC-6C11-459B-9561-6CC5E3EC15FE}.Release|Any CPU.Build.0 = Release|Any CPU
		{0A4BDEC5-89C4-4470-A40E-177D2FEF8300}.Debug|Any CPU.ActiveCfg = Debug|Any CPU
		{0A4BDEC5-89C4-4470-A40E-177D2FEF8300}.Debug|Any CPU.Build.0 = Debug|Any CPU
		{0A4BDEC5-89C4-4470-A40E-177D2FEF8300}.Release|Any CPU.ActiveCfg = Release|Any CPU
		{0A4BDEC5-89C4-4470-A40E-177D2FEF8300}.Release|Any CPU.Build.0 = Release|Any CPU
	EndGlobalSection
	GlobalSection(SolutionProperties) = preSolution
		HideSolutionNode = FALSE
	EndGlobalSection
EndGlobal
